
Microsoft Visual Studio Solution File, Format Version 12.00
# Visual Studio Version 16
VisualStudioVersion = 16.0.31729.503
MinimumVisualStudioVersion = 10.0.40219.1
Project("{FAE04EC0-301F-11D3-BF4B-00C04F79EFBC}") = "my-books", "my-books\my-books.csproj", "{7BDC7C76-61B3-4148-B3D8-64CE3D1E0197}"
EndProject
Global
	GlobalSection(SolutionConfigurationPlatforms) = preSolution
		Debug|Any CPU = Debug|Any CPU
		Release|Any CPU = Release|Any CPU
	EndGlobalSection
	GlobalSection(ProjectConfigurationPlatforms) = postSolution
		{7BDC7C76-61B3-4148-B3D8-64CE3D1E0197}.Debug|Any CPU.ActiveCfg = Debug|Any CPU
		{7BDC7C76-61B3-4148-B3D8-64CE3D1E0197}.Debug|Any CPU.Build.0 = Debug|Any CPU
		{7BDC7C76-61B3-4148-B3D8-64CE3D1E0197}.Release|Any CPU.ActiveCfg = Release|Any CPU
		{7BDC7C76-61B3-4148-B3D8-64CE3D1E0197}.Release|Any CPU.Build.0 = Release|Any CPU
	EndGlobalSection
	GlobalSection(SolutionProperties) = preSolution
		HideSolutionNode = FALSE
	EndGlobalSection
	GlobalSection(ExtensibilityGlobals) = postSolution
		SolutionGuid = {7AC50517-921A-4F4B-B2F8-91A1FFCF9FF3}
	EndGlobalSection
EndGlobal
